
Microsoft Visual Studio Solution File, Format Version 12.00
# Visual Studio Version 17
VisualStudioVersion = 17.7.34003.232
MinimumVisualStudioVersion = 10.0.40219.1
Project("{FAE04EC0-301F-11D3-BF4B-00C04F79EFBC}") = "Chuot2", "Chuot2\Chuot2.csproj", "{D03CB0E7-32AC-410B-9DCF-4B9E76A2FBE7}"
EndProject
Global
	GlobalSection(SolutionConfigurationPlatforms) = preSolution
		Debug|Any CPU = Debug|Any CPU
		Release|Any CPU = Release|Any CPU
	EndGlobalSection
	GlobalSection(ProjectConfigurationPlatforms) = postSolution
		{D03CB0E7-32AC-410B-9DCF-4B9E76A2FBE7}.Debug|Any CPU.ActiveCfg = Debug|Any CPU
		{D03CB0E7-32AC-410B-9DCF-4B9E76A2FBE7}.Debug|Any CPU.Build.0 = Debug|Any CPU
		{D03CB0E7-32AC-410B-9DCF-4B9E76A2FBE7}.Release|Any CPU.ActiveCfg = Release|Any CPU
		{D03CB0E7-32AC-410B-9DCF-4B9E76A2FBE7}.Release|Any CPU.Build.0 = Release|Any CPU
	EndGlobalSection
	GlobalSection(SolutionProperties) = preSolution
		HideSolutionNode = FALSE
	EndGlobalSection
	GlobalSection(ExtensibilityGlobals) = postSolution
		SolutionGuid = {788AA848-829F-4A52-9311-6F2711F82529}
	EndGlobalSection
EndGlobal
